// !$*UTF8*$!
{
	archiveVersion = 1;
	classes = {
	};
	objectVersion = 54;
	objects = {

/* Begin PBXBuildFile section */
		A915E7392A5E6308002925F1 /* RNCCameraRollManager.m in Sources */ = {isa = PBXBuildFile; fileRef = A915E7362A5E6308002925F1 /* RNCCameraRollManager.m */; };
		A915E73A2A5E6308002925F1 /* RNCAssetsLibraryRequestHandler.m in Sources */ = {isa = PBXBuildFile; fileRef = A915E7372A5E6308002925F1 /* RNCAssetsLibraryRequestHandler.m */; };
		A915E7492A5E6876002925F1 /* CoreAudio.framework in Frameworks */ = {isa = PBXBuildFile; fileRef = A915E7472A5E6876002925F1 /* CoreAudio.framework */; };
		A915E74A2A5E6876002925F1 /* CoreAudioTypes.framework in Frameworks */ = {isa = PBXBuildFile; fileRef = A915E7482A5E6876002925F1 /* CoreAudioTypes.framework */; platformFilter = ios; };
		A922C34B2A5CE785001B78CB /* RNAudioRecorderPlayerChatVT.m in Sources */ = {isa = PBXBuildFile; fileRef = A922C3482A5CE785001B78CB /* RNAudioRecorderPlayerChatVT.m */; };
		A922C34C2A5CE785001B78CB /* RNAudioRecorderPlayerChatVT.swift in Sources */ = {isa = PBXBuildFile; fileRef = A922C3492A5CE785001B78CB /* RNAudioRecorderPlayerChatVT.swift */; };
		A93AFB3B2A57D6D3000B0D2E /* RCTConvert+ContextMenuAction.m in Sources */ = {isa = PBXBuildFile; fileRef = A93AFB332A57D6CF000B0D2E /* RCTConvert+ContextMenuAction.m */; };
		A93AFB3C2A57D6D4000B0D2E /* ContextMenu.m in Sources */ = {isa = PBXBuildFile; fileRef = A93AFB352A57D6D0000B0D2E /* ContextMenu.m */; };
		A93AFB3D2A57D6D4000B0D2E /* ContextMenuAction.m in Sources */ = {isa = PBXBuildFile; fileRef = A93AFB382A57D6D1000B0D2E /* ContextMenuAction.m */; };
		A93AFB3E2A57D6D4000B0D2E /* ContextMenuView.m in Sources */ = {isa = PBXBuildFile; fileRef = A93AFB3A2A57D6D2000B0D2E /* ContextMenuView.m */; };
		A9AFA1DE2A4E719500E71C84 /* CreateThumbnail.m in Sources */ = {isa = PBXBuildFile; fileRef = A9AFA1DD2A4E719500E71C84 /* CreateThumbnail.m */; };
		A9B0E0C42A540305000E9B36 /* RNCPromiseWrapper.m in Sources */ = {isa = PBXBuildFile; fileRef = A9B0E0BE2A540304000E9B36 /* RNCPromiseWrapper.m */; };
		A9B0E0C52A540305000E9B36 /* RNDocumentPickerChatVT.m in Sources */ = {isa = PBXBuildFile; fileRef = A9B0E0BF2A540304000E9B36 /* RNDocumentPickerChatVT.m */; };
		A9B0E0C62A540305000E9B36 /* RCTConvert+RNDocumentPicker.m in Sources */ = {isa = PBXBuildFile; fileRef = A9B0E0C32A540305000E9B36 /* RCTConvert+RNDocumentPicker.m */; };
		A9EE0C252A5BAE3200A0FE7C /* RNCCameraRollChatVT.mm in Sources */ = {isa = PBXBuildFile; fileRef = A9EE0C1F2A5BAE3100A0FE7C /* RNCCameraRollChatVT.mm */; };
		A9EE0C262A5BAE3200A0FE7C /* RNCAssetsLibraryRequestHandler.m in Sources */ = {isa = PBXBuildFile; fileRef = A9EE0C202A5BAE3200A0FE7C /* RNCAssetsLibraryRequestHandler.m */; };
		A9EE0C272A5BAE3200A0FE7C /* RNCCameraRollPermission.mm in Sources */ = {isa = PBXBuildFile; fileRef = A9EE0C232A5BAE3200A0FE7C /* RNCCameraRollPermission.mm */; };
		A9EE0C282A5BAE3200A0FE7C /* RNCPermissionHelper.m in Sources */ = {isa = PBXBuildFile; fileRef = A9EE0C242A5BAE3200A0FE7C /* RNCPermissionHelper.m */; };
/* End PBXBuildFile section */

/* Begin PBXCopyFilesBuildPhase section */
		58B511D91A9E6C8500147676 /* CopyFiles */ = {
			isa = PBXCopyFilesBuildPhase;
			buildActionMask = 2147483647;
			dstPath = "include/$(PRODUCT_NAME)";
			dstSubfolderSpec = 16;
			files = (
			);
			runOnlyForDeploymentPostprocessing = 0;
		};
/* End PBXCopyFilesBuildPhase section */

/* Begin PBXFileReference section */
		134814201AA4EA6300B7C361 /* libChatvt.a */ = {isa = PBXFileReference; explicitFileType = archive.ar; includeInIndex = 0; path = libChatvt.a; sourceTree = BUILT_PRODUCTS_DIR; };
		A915E7352A5E6307002925F1 /* RNCCameraRollManager.h */ = {isa = PBXFileReference; fileEncoding = 4; lastKnownFileType = sourcecode.c.h; path = RNCCameraRollManager.h; sourceTree = "<group>"; };
		A915E7362A5E6308002925F1 /* RNCCameraRollManager.m */ = {isa = PBXFileReference; fileEncoding = 4; lastKnownFileType = sourcecode.c.objc; path = RNCCameraRollManager.m; sourceTree = "<group>"; };
		A915E7372A5E6308002925F1 /* RNCAssetsLibraryRequestHandler.m */ = {isa = PBXFileReference; fileEncoding = 4; lastKnownFileType = sourcecode.c.objc; name = RNCAssetsLibraryRequestHandler.m; path = "../../Downloads/react-native-cameraroll-2.0.0/ios/RNCAssetsLibraryRequestHandler.m"; sourceTree = "<group>"; };
		A915E7382A5E6308002925F1 /* RNCAssetsLibraryRequestHandler.h */ = {isa = PBXFileReference; fileEncoding = 4; lastKnownFileType = sourcecode.c.h; name = RNCAssetsLibraryRequestHandler.h; path = "../../Downloads/react-native-cameraroll-2.0.0/ios/RNCAssetsLibraryRequestHandler.h"; sourceTree = "<group>"; };
		A915E7472A5E6876002925F1 /* CoreAudio.framework */ = {isa = PBXFileReference; lastKnownFileType = wrapper.framework; name = CoreAudio.framework; path = Platforms/MacOSX.platform/Developer/SDKs/MacOSX14.0.sdk/System/Library/Frameworks/CoreAudio.framework; sourceTree = DEVELOPER_DIR; };
		A915E7482A5E6876002925F1 /* CoreAudioTypes.framework */ = {isa = PBXFileReference; lastKnownFileType = wrapper.framework; name = CoreAudioTypes.framework; path = System/Library/Frameworks/CoreAudioTypes.framework; sourceTree = SDKROOT; };
		A922C3472A5CE784001B78CB /* Chatvt-Bridging-Header.h */ = {isa = PBXFileReference; lastKnownFileType = sourcecode.c.h; path = "Chatvt-Bridging-Header.h"; sourceTree = "<group>"; };
		A922C3482A5CE785001B78CB /* RNAudioRecorderPlayerChatVT.m */ = {isa = PBXFileReference; fileEncoding = 4; lastKnownFileType = sourcecode.c.objc; path = RNAudioRecorderPlayerChatVT.m; sourceTree = "<group>"; };
		A922C3492A5CE785001B78CB /* RNAudioRecorderPlayerChatVT.swift */ = {isa = PBXFileReference; fileEncoding = 4; lastKnownFileType = sourcecode.swift; path = RNAudioRecorderPlayerChatVT.swift; sourceTree = "<group>"; };
		A922C34A2A5CE785001B78CB /* RNAudioRecorderPlayerChatVT.h */ = {isa = PBXFileReference; fileEncoding = 4; lastKnownFileType = sourcecode.c.h; path = RNAudioRecorderPlayerChatVT.h; sourceTree = "<group>"; };
		A93AFB332A57D6CF000B0D2E /* RCTConvert+ContextMenuAction.m */ = {isa = PBXFileReference; fileEncoding = 4; lastKnownFileType = sourcecode.c.objc; path = "RCTConvert+ContextMenuAction.m"; sourceTree = "<group>"; };
		A93AFB342A57D6D0000B0D2E /* ContextMenu.h */ = {isa = PBXFileReference; fileEncoding = 4; lastKnownFileType = sourcecode.c.h; path = ContextMenu.h; sourceTree = "<group>"; };
		A93AFB352A57D6D0000B0D2E /* ContextMenu.m */ = {isa = PBXFileReference; fileEncoding = 4; lastKnownFileType = sourcecode.c.objc; path = ContextMenu.m; sourceTree = "<group>"; };
		A93AFB362A57D6D1000B0D2E /* ContextMenuAction.h */ = {isa = PBXFileReference; fileEncoding = 4; lastKnownFileType = sourcecode.c.h; path = ContextMenuAction.h; sourceTree = "<group>"; };
		A93AFB372A57D6D1000B0D2E /* ContextMenuView.h */ = {isa = PBXFileReference; fileEncoding = 4; lastKnownFileType = sourcecode.c.h; path = ContextMenuView.h; sourceTree = "<group>"; };
		A93AFB382A57D6D1000B0D2E /* ContextMenuAction.m */ = {isa = PBXFileReference; fileEncoding = 4; lastKnownFileType = sourcecode.c.objc; path = ContextMenuAction.m; sourceTree = "<group>"; };
		A93AFB392A57D6D2000B0D2E /* RCTConvert+ContextMenuAction.h */ = {isa = PBXFileReference; fileEncoding = 4; lastKnownFileType = sourcecode.c.h; path = "RCTConvert+ContextMenuAction.h"; sourceTree = "<group>"; };
		A93AFB3A2A57D6D2000B0D2E /* ContextMenuView.m */ = {isa = PBXFileReference; fileEncoding = 4; lastKnownFileType = sourcecode.c.objc; path = ContextMenuView.m; sourceTree = "<group>"; };
		A9AFA1DD2A4E719500E71C84 /* CreateThumbnail.m */ = {isa = PBXFileReference; fileEncoding = 4; lastKnownFileType = sourcecode.c.objc; path = CreateThumbnail.m; sourceTree = "<group>"; };
		A9AFA1DF2A4E729B00E71C84 /* CreateThumbnail.h */ = {isa = PBXFileReference; fileEncoding = 4; lastKnownFileType = sourcecode.c.h; path = CreateThumbnail.h; sourceTree = "<group>"; };
		A9B0E0BE2A540304000E9B36 /* RNCPromiseWrapper.m */ = {isa = PBXFileReference; fileEncoding = 4; lastKnownFileType = sourcecode.c.objc; path = RNCPromiseWrapper.m; sourceTree = "<group>"; };
		A9B0E0BF2A540304000E9B36 /* RNDocumentPickerChatVT.m */ = {isa = PBXFileReference; fileEncoding = 4; lastKnownFileType = sourcecode.c.objc; path = RNDocumentPickerChatVT.m; sourceTree = "<group>"; };
		A9B0E0C02A540304000E9B36 /* RCTConvert+RNDocumentPicker.h */ = {isa = PBXFileReference; fileEncoding = 4; lastKnownFileType = sourcecode.c.h; path = "RCTConvert+RNDocumentPicker.h"; sourceTree = "<group>"; };
		A9B0E0C12A540304000E9B36 /* RNDocumentPickerChatVT.h */ = {isa = PBXFileReference; fileEncoding = 4; lastKnownFileType = sourcecode.c.h; path = RNDocumentPickerChatVT.h; sourceTree = "<group>"; };
		A9B0E0C22A540304000E9B36 /* RNCPromiseWrapper.h */ = {isa = PBXFileReference; fileEncoding = 4; lastKnownFileType = sourcecode.c.h; path = RNCPromiseWrapper.h; sourceTree = "<group>"; };
		A9B0E0C32A540305000E9B36 /* RCTConvert+RNDocumentPicker.m */ = {isa = PBXFileReference; fileEncoding = 4; lastKnownFileType = sourcecode.c.objc; path = "RCTConvert+RNDocumentPicker.m"; sourceTree = "<group>"; };
		A9EE0C1C2A5BAE3100A0FE7C /* RNCCameraRollPermission.h */ = {isa = PBXFileReference; fileEncoding = 4; lastKnownFileType = sourcecode.c.h; path = RNCCameraRollPermission.h; sourceTree = "<group>"; };
		A9EE0C1D2A5BAE3100A0FE7C /* RNCCameraRollChatVT.h */ = {isa = PBXFileReference; fileEncoding = 4; lastKnownFileType = sourcecode.c.h; path = RNCCameraRollChatVT.h; sourceTree = "<group>"; };
		A9EE0C1E2A5BAE3100A0FE7C /* RNCPermissionHelper.h */ = {isa = PBXFileReference; fileEncoding = 4; lastKnownFileType = sourcecode.c.h; path = RNCPermissionHelper.h; sourceTree = "<group>"; };
		A9EE0C1F2A5BAE3100A0FE7C /* RNCCameraRollChatVT.mm */ = {isa = PBXFileReference; fileEncoding = 4; lastKnownFileType = sourcecode.cpp.objcpp; path = RNCCameraRollChatVT.mm; sourceTree = "<group>"; };
		A9EE0C202A5BAE3200A0FE7C /* RNCAssetsLibraryRequestHandler.m */ = {isa = PBXFileReference; fileEncoding = 4; lastKnownFileType = sourcecode.c.objc; path = RNCAssetsLibraryRequestHandler.m; sourceTree = "<group>"; };
		A9EE0C212A5BAE3200A0FE7C /* RNCAssetsLibraryRequestHandler.h */ = {isa = PBXFileReference; fileEncoding = 4; lastKnownFileType = sourcecode.c.h; path = RNCAssetsLibraryRequestHandler.h; sourceTree = "<group>"; };
		A9EE0C232A5BAE3200A0FE7C /* RNCCameraRollPermission.mm */ = {isa = PBXFileReference; fileEncoding = 4; lastKnownFileType = sourcecode.cpp.objcpp; path = RNCCameraRollPermission.mm; sourceTree = "<group>"; };
		A9EE0C242A5BAE3200A0FE7C /* RNCPermissionHelper.m */ = {isa = PBXFileReference; fileEncoding = 4; lastKnownFileType = sourcecode.c.objc; path = RNCPermissionHelper.m; sourceTree = "<group>"; };
		B3E7B5881CC2AC0600A0062D /* Chatvt.h */ = {isa = PBXFileReference; fileEncoding = 4; lastKnownFileType = sourcecode.c.h; path = Chatvt.h; sourceTree = "<group>"; };
		B3E7B5891CC2AC0600A0062D /* Chatvt.m */ = {isa = PBXFileReference; fileEncoding = 4; lastKnownFileType = sourcecode.c.objc; path = Chatvt.m; sourceTree = "<group>"; };
/* End PBXFileReference section */

/* Begin PBXFrameworksBuildPhase section */
		58B511D81A9E6C8500147676 /* Frameworks */ = {
			isa = PBXFrameworksBuildPhase;
			buildActionMask = 2147483647;
			files = (
				A915E7492A5E6876002925F1 /* CoreAudio.framework in Frameworks */,
				A915E74A2A5E6876002925F1 /* CoreAudioTypes.framework in Frameworks */,
			);
			runOnlyForDeploymentPostprocessing = 0;
		};
/* End PBXFrameworksBuildPhase section */

/* Begin PBXGroup section */
		134814211AA4EA7D00B7C361 /* Products */ = {
			isa = PBXGroup;
			children = (
				134814201AA4EA6300B7C361 /* libChatvt.a */,
			);
			name = Products;
			sourceTree = "<group>";
		};
		58B511D21A9E6C8500147676 = {
			isa = PBXGroup;
			children = (
				B3E7B5881CC2AC0600A0062D /* Chatvt.h */,
				B3E7B5891CC2AC0600A0062D /* Chatvt.m */,
				A9AFA1DD2A4E719500E71C84 /* CreateThumbnail.m */,
				A9AFA1DF2A4E729B00E71C84 /* CreateThumbnail.h */,
				A9B0E0C02A540304000E9B36 /* RCTConvert+RNDocumentPicker.h */,
				A9B0E0C32A540305000E9B36 /* RCTConvert+RNDocumentPicker.m */,
				A9B0E0C22A540304000E9B36 /* RNCPromiseWrapper.h */,
				A93AFB342A57D6D0000B0D2E /* ContextMenu.h */,
				A93AFB352A57D6D0000B0D2E /* ContextMenu.m */,
				A93AFB362A57D6D1000B0D2E /* ContextMenuAction.h */,
				A93AFB382A57D6D1000B0D2E /* ContextMenuAction.m */,
				A93AFB372A57D6D1000B0D2E /* ContextMenuView.h */,
				A93AFB3A2A57D6D2000B0D2E /* ContextMenuView.m */,
				A93AFB392A57D6D2000B0D2E /* RCTConvert+ContextMenuAction.h */,
				A93AFB332A57D6CF000B0D2E /* RCTConvert+ContextMenuAction.m */,
				A9B0E0BE2A540304000E9B36 /* RNCPromiseWrapper.m */,
				A9B0E0C12A540304000E9B36 /* RNDocumentPickerChatVT.h */,
				A9B0E0BF2A540304000E9B36 /* RNDocumentPickerChatVT.m */,
				A9EE0C212A5BAE3200A0FE7C /* RNCAssetsLibraryRequestHandler.h */,
				A915E7382A5E6308002925F1 /* RNCAssetsLibraryRequestHandler.h */,
				A9EE0C202A5BAE3200A0FE7C /* RNCAssetsLibraryRequestHandler.m */,
				A9EE0C1D2A5BAE3100A0FE7C /* RNCCameraRollChatVT.h */,
				A9EE0C1F2A5BAE3100A0FE7C /* RNCCameraRollChatVT.mm */,
				A9EE0C1C2A5BAE3100A0FE7C /* RNCCameraRollPermission.h */,
				A9EE0C232A5BAE3200A0FE7C /* RNCCameraRollPermission.mm */,
				A9EE0C1E2A5BAE3100A0FE7C /* RNCPermissionHelper.h */,
				A9EE0C242A5BAE3200A0FE7C /* RNCPermissionHelper.m */,
				A922C34A2A5CE785001B78CB /* RNAudioRecorderPlayerChatVT.h */,
				A922C3482A5CE785001B78CB /* RNAudioRecorderPlayerChatVT.m */,
				A922C3492A5CE785001B78CB /* RNAudioRecorderPlayerChatVT.swift */,
				A915E7372A5E6308002925F1 /* RNCAssetsLibraryRequestHandler.m */,
				A915E7352A5E6307002925F1 /* RNCCameraRollManager.h */,
				A915E7362A5E6308002925F1 /* RNCCameraRollManager.m */,
				134814211AA4EA7D00B7C361 /* Products */,
				A922C3472A5CE784001B78CB /* Chatvt-Bridging-Header.h */,
				A915E7462A5E6876002925F1 /* Frameworks */,
			);
			sourceTree = "<group>";
		};
		A915E7462A5E6876002925F1 /* Frameworks */ = {
			isa = PBXGroup;
			children = (
				A915E7472A5E6876002925F1 /* CoreAudio.framework */,
				A915E7482A5E6876002925F1 /* CoreAudioTypes.framework */,
			);
			name = Frameworks;
			sourceTree = "<group>";
		};
/* End PBXGroup section */

/* Begin PBXNativeTarget section */
		58B511DA1A9E6C8500147676 /* Chatvt */ = {
			isa = PBXNativeTarget;
			buildConfigurationList = 58B511EF1A9E6C8500147676 /* Build configuration list for PBXNativeTarget "Chatvt" */;
			buildPhases = (
				58B511D71A9E6C8500147676 /* Sources */,
				58B511D81A9E6C8500147676 /* Frameworks */,
				58B511D91A9E6C8500147676 /* CopyFiles */,
			);
			buildRules = (
			);
			dependencies = (
			);
			name = Chatvt;
			productName = RCTDataManager;
			productReference = 134814201AA4EA6300B7C361 /* libChatvt.a */;
			productType = "com.apple.product-type.library.static";
		};
/* End PBXNativeTarget section */

/* Begin PBXProject section */
		58B511D31A9E6C8500147676 /* Project object */ = {
			isa = PBXProject;
			attributes = {
				LastUpgradeCheck = 0920;
				ORGANIZATIONNAME = Facebook;
				TargetAttributes = {
					58B511DA1A9E6C8500147676 = {
						CreatedOnToolsVersion = 6.1.1;
						LastSwiftMigration = 1500;
					};
				};
			};
			buildConfigurationList = 58B511D61A9E6C8500147676 /* Build configuration list for PBXProject "Chatvt" */;
			compatibilityVersion = "Xcode 3.2";
			developmentRegion = English;
			hasScannedForEncodings = 0;
			knownRegions = (
				English,
				en,
			);
			mainGroup = 58B511D21A9E6C8500147676;
			productRefGroup = 58B511D21A9E6C8500147676;
			projectDirPath = "";
			projectRoot = "";
			targets = (
				58B511DA1A9E6C8500147676 /* Chatvt */,
			);
		};
/* End PBXProject section */

/* Begin PBXSourcesBuildPhase section */
		58B511D71A9E6C8500147676 /* Sources */ = {
			isa = PBXSourcesBuildPhase;
			buildActionMask = 2147483647;
			files = (
				A922C34B2A5CE785001B78CB /* RNAudioRecorderPlayerChatVT.m in Sources */,
				A9EE0C282A5BAE3200A0FE7C /* RNCPermissionHelper.m in Sources */,
				A9EE0C272A5BAE3200A0FE7C /* RNCCameraRollPermission.mm in Sources */,
				A93AFB3C2A57D6D4000B0D2E /* ContextMenu.m in Sources */,
				A93AFB3E2A57D6D4000B0D2E /* ContextMenuView.m in Sources */,
				A93AFB3D2A57D6D4000B0D2E /* ContextMenuAction.m in Sources */,
				A9EE0C252A5BAE3200A0FE7C /* RNCCameraRollChatVT.mm in Sources */,
				A9AFA1DE2A4E719500E71C84 /* CreateThumbnail.m in Sources */,
				A9B0E0C52A540305000E9B36 /* RNDocumentPickerChatVT.m in Sources */,
				A922C34C2A5CE785001B78CB /* RNAudioRecorderPlayerChatVT.swift in Sources */,
				A915E73A2A5E6308002925F1 /* RNCAssetsLibraryRequestHandler.m in Sources */,
				A9EE0C262A5BAE3200A0FE7C /* RNCAssetsLibraryRequestHandler.m in Sources */,
				A915E7392A5E6308002925F1 /* RNCCameraRollManager.m in Sources */,
				A9B0E0C62A540305000E9B36 /* RCTConvert+RNDocumentPicker.m in Sources */,
				A9B0E0C42A540305000E9B36 /* RNCPromiseWrapper.m in Sources */,
				A93AFB3B2A57D6D3000B0D2E /* RCTConvert+ContextMenuAction.m in Sources */,
			);
			runOnlyForDeploymentPostprocessing = 0;
		};
/* End PBXSourcesBuildPhase section */

/* Begin XCBuildConfiguration section */
		58B511ED1A9E6C8500147676 /* Debug */ = {
			isa = XCBuildConfiguration;
			buildSettings = {
				ALWAYS_SEARCH_USER_PATHS = NO;
				CLANG_CXX_LANGUAGE_STANDARD = "gnu++0x";
				CLANG_CXX_LIBRARY = "libc++";
				CLANG_ENABLE_MODULES = YES;
				CLANG_ENABLE_OBJC_ARC = YES;
				CLANG_WARN_BLOCK_CAPTURE_AUTORELEASING = YES;
				CLANG_WARN_BOOL_CONVERSION = YES;
				CLANG_WARN_COMMA = YES;
				CLANG_WARN_CONSTANT_CONVERSION = YES;
				CLANG_WARN_DIRECT_OBJC_ISA_USAGE = YES_ERROR;
				CLANG_WARN_EMPTY_BODY = YES;
				CLANG_WARN_ENUM_CONVERSION = YES;
				CLANG_WARN_INFINITE_RECURSION = YES;
				CLANG_WARN_INT_CONVERSION = YES;
				CLANG_WARN_NON_LITERAL_NULL_CONVERSION = YES;
				CLANG_WARN_OBJC_LITERAL_CONVERSION = YES;
				CLANG_WARN_OBJC_ROOT_CLASS = YES_ERROR;
				CLANG_WARN_RANGE_LOOP_ANALYSIS = YES;
				CLANG_WARN_STRICT_PROTOTYPES = YES;
				CLANG_WARN_SUSPICIOUS_MOVE = YES;
				CLANG_WARN_UNREACHABLE_CODE = YES;
				CLANG_WARN__DUPLICATE_METHOD_MATCH = YES;
				COPY_PHASE_STRIP = NO;
				ENABLE_STRICT_OBJC_MSGSEND = YES;
				ENABLE_TESTABILITY = YES;
				"EXCLUDED_ARCHS[sdk=*]" = arm64;
				GCC_C_LANGUAGE_STANDARD = gnu99;
				GCC_DYNAMIC_NO_PIC = NO;
				GCC_NO_COMMON_BLOCKS = YES;
				GCC_OPTIMIZATION_LEVEL = 0;
				GCC_PREPROCESSOR_DEFINITIONS = (
					"DEBUG=1",
					"$(inherited)",
				);
				GCC_SYMBOLS_PRIVATE_EXTERN = NO;
				GCC_WARN_64_TO_32_BIT_CONVERSION = YES;
				GCC_WARN_ABOUT_RETURN_TYPE = YES_ERROR;
				GCC_WARN_UNDECLARED_SELECTOR = YES;
				GCC_WARN_UNINITIALIZED_AUTOS = YES_AGGRESSIVE;
				GCC_WARN_UNUSED_FUNCTION = YES;
				GCC_WARN_UNUSED_VARIABLE = YES;
				IPHONEOS_DEPLOYMENT_TARGET = 8.0;
				MTL_ENABLE_DEBUG_INFO = YES;
				ONLY_ACTIVE_ARCH = YES;
				SDKROOT = iphoneos;
			};
			name = Debug;
		};
		58B511EE1A9E6C8500147676 /* Release */ = {
			isa = XCBuildConfiguration;
			buildSettings = {
				ALWAYS_SEARCH_USER_PATHS = NO;
				CLANG_CXX_LANGUAGE_STANDARD = "gnu++0x";
				CLANG_CXX_LIBRARY = "libc++";
				CLANG_ENABLE_MODULES = YES;
				CLANG_ENABLE_OBJC_ARC = YES;
				CLANG_WARN_BLOCK_CAPTURE_AUTORELEASING = YES;
				CLANG_WARN_BOOL_CONVERSION = YES;
				CLANG_WARN_COMMA = YES;
				CLANG_WARN_CONSTANT_CONVERSION = YES;
				CLANG_WARN_DIRECT_OBJC_ISA_USAGE = YES_ERROR;
				CLANG_WARN_EMPTY_BODY = YES;
				CLANG_WARN_ENUM_CONVERSION = YES;
				CLANG_WARN_INFINITE_RECURSION = YES;
				CLANG_WARN_INT_CONVERSION = YES;
				CLANG_WARN_NON_LITERAL_NULL_CONVERSION = YES;
				CLANG_WARN_OBJC_LITERAL_CONVERSION = YES;
				CLANG_WARN_OBJC_ROOT_CLASS = YES_ERROR;
				CLANG_WARN_RANGE_LOOP_ANALYSIS = YES;
				CLANG_WARN_STRICT_PROTOTYPES = YES;
				CLANG_WARN_SUSPICIOUS_MOVE = YES;
				CLANG_WARN_UNREACHABLE_CODE = YES;
				CLANG_WARN__DUPLICATE_METHOD_MATCH = YES;
				COPY_PHASE_STRIP = YES;
				ENABLE_NS_ASSERTIONS = NO;
				ENABLE_STRICT_OBJC_MSGSEND = YES;
				"EXCLUDED_ARCHS[sdk=*]" = arm64;
				GCC_C_LANGUAGE_STANDARD = gnu99;
				GCC_NO_COMMON_BLOCKS = YES;
				GCC_WARN_64_TO_32_BIT_CONVERSION = YES;
				GCC_WARN_ABOUT_RETURN_TYPE = YES_ERROR;
				GCC_WARN_UNDECLARED_SELECTOR = YES;
				GCC_WARN_UNINITIALIZED_AUTOS = YES_AGGRESSIVE;
				GCC_WARN_UNUSED_FUNCTION = YES;
				GCC_WARN_UNUSED_VARIABLE = YES;
				IPHONEOS_DEPLOYMENT_TARGET = 8.0;
				MTL_ENABLE_DEBUG_INFO = NO;
				SDKROOT = iphoneos;
				VALIDATE_PRODUCT = YES;
			};
			name = Release;
		};
		58B511F01A9E6C8500147676 /* Debug */ = {
			isa = XCBuildConfiguration;
			buildSettings = {
				CLANG_ENABLE_MODULES = YES;
				HEADER_SEARCH_PATHS = (
					"$(inherited)",
					/Applications/Xcode.app/Contents/Developer/Toolchains/XcodeDefault.xctoolchain/usr/include,
					"$(SRCROOT)/../../../React/**",
					"$(SRCROOT)/../../react-native/React/**",
				);
				LIBRARY_SEARCH_PATHS = "$(inherited)";
				OTHER_LDFLAGS = "-ObjC";
				PRODUCT_NAME = Chatvt;
				SKIP_INSTALL = YES;
				SWIFT_OBJC_BRIDGING_HEADER = "Chatvt-Bridging-Header.h";
				SWIFT_OPTIMIZATION_LEVEL = "-Onone";
				SWIFT_VERSION = 5.0;
			};
			name = Debug;
		};
		58B511F11A9E6C8500147676 /* Release */ = {
			isa = XCBuildConfiguration;
			buildSettings = {
				CLANG_ENABLE_MODULES = YES;
				HEADER_SEARCH_PATHS = (
					"$(inherited)",
					/Applications/Xcode.app/Contents/Developer/Toolchains/XcodeDefault.xctoolchain/usr/include,
					"$(SRCROOT)/../../../React/**",
					"$(SRCROOT)/../../react-native/React/**",
				);
				LIBRARY_SEARCH_PATHS = "$(inherited)";
				OTHER_LDFLAGS = "-ObjC";
				PRODUCT_NAME = Chatvt;
				SKIP_INSTALL = YES;
				SWIFT_OBJC_BRIDGING_HEADER = "Chatvt-Bridging-Header.h";
				SWIFT_VERSION = 5.0;
			};
			name = Release;
		};
/* End XCBuildConfiguration section */

/* Begin XCConfigurationList section */
		58B511D61A9E6C8500147676 /* Build configuration list for PBXProject "Chatvt" */ = {
			isa = XCConfigurationList;
			buildConfigurations = (
				58B511ED1A9E6C8500147676 /* Debug */,
				58B511EE1A9E6C8500147676 /* Release */,
			);
			defaultConfigurationIsVisible = 0;
			defaultConfigurationName = Release;
		};
		58B511EF1A9E6C8500147676 /* Build configuration list for PBXNativeTarget "Chatvt" */ = {
			isa = XCConfigurationList;
			buildConfigurations = (
				58B511F01A9E6C8500147676 /* Debug */,
				58B511F11A9E6C8500147676 /* Release */,
			);
			defaultConfigurationIsVisible = 0;
			defaultConfigurationName = Release;
		};
/* End XCConfigurationList section */
	};
	rootObject = 58B511D31A9E6C8500147676 /* Project object */;
}
